
Microsoft Visual Studio Solution File, Format Version 11.00
# Visual Studio 2010
Project("{FAE04EC0-301F-11D3-BF4B-00C04F79EFBC}") = "Assembly-CSharp", "Assembly-CSharp.csproj", "{61d97098-dea6-4045-8f48-da1e53194a19}"
EndProject
Project("{FAE04EC0-301F-11D3-BF4B-00C04F79EFBC}") = "Assembly-CSharp-Editor", "Assembly-CSharp-Editor.csproj", "{a7e3204e-9b69-c576-6fb7-0ddb477d6c73}"
EndProject
Global
	GlobalSection(SolutionConfigurationPlatforms) = preSolution
		Debug|Any CPU = Debug|Any CPU
	EndGlobalSection
	GlobalSection(ProjectConfigurationPlatforms) = postSolution
		{61d97098-dea6-4045-8f48-da1e53194a19}.Debug|Any CPU.ActiveCfg = Debug|Any CPU
		{61d97098-dea6-4045-8f48-da1e53194a19}.Debug|Any CPU.Build.0 = Debug|Any CPU
		{a7e3204e-9b69-c576-6fb7-0ddb477d6c73}.Debug|Any CPU.ActiveCfg = Debug|Any CPU
		{a7e3204e-9b69-c576-6fb7-0ddb477d6c73}.Debug|Any CPU.Build.0 = Debug|Any CPU
	EndGlobalSection
	GlobalSection(SolutionProperties) = preSolution
		HideSolutionNode = FALSE
	EndGlobalSection
EndGlobal
